# THIS IS AN AUTOGENERATED FILE. DO NOT EDIT THIS FILE DIRECTLY.
# yarn lockfile v1


create-next-app@^12.2.0:
  version "12.2.0"
  resolved "https://registry.yarnpkg.com/create-next-app/-/create-next-app-12.2.0.tgz#288c53fc9b2e9319a50e90f5663f95cd571ef1d4"
  integrity sha512-1svrGr76MJeXzb14/fCDETL9/4Tult6fByQ472O7xZafbdGvi0y9oHPqFvD1R+8CMLH9KTMmcArudh1f4ADB4A==
